Microsoft Visual Studio Solution File, Format Version 12.00
# Visual Studio Version 17
VisualStudioVersion = 17.5.2.0
MinimumVisualStudioVersion = 10.0.40219.1
Project("{2150E333-8FDC-42A3-9474-1A3956D46DE8}") = "FinanceManagementSystem", "FinanceManagementSystem", "{A8605477-1741-1F32-E969-244BA3FB967B}"
EndProject
Project("{FAE04EC0-301F-11D3-BF4B-00C04F79EFBC}") = "src", "FinanceManagementSystem\src\src.csproj", "{AE8CB3A3-84E6-B257-8A6C-DAECCEB5B25D}"
EndProject
Global
	GlobalSection(SolutionConfigurationPlatforms) = preSolution
		Debug|Any CPU = Debug|Any CPU
		Release|Any CPU = Release|Any CPU
	EndGlobalSection
	GlobalSection(ProjectConfigurationPlatforms) = postSolution
		{AE8CB3A3-84E6-B257-8A6C-DAECCEB5B25D}.Debug|Any CPU.ActiveCfg = Debug|Any CPU
		{AE8CB3A3-84E6-B257-8A6C-DAECCEB5B25D}.Debug|Any CPU.Build.0 = Debug|Any CPU
		{AE8CB3A3-84E6-B257-8A6C-DAECCEB5B25D}.Release|Any CPU.ActiveCfg = Release|Any CPU
		{AE8CB3A3-84E6-B257-8A6C-DAECCEB5B25D}.Release|Any CPU.Build.0 = Release|Any CPU
	EndGlobalSection
	GlobalSection(SolutionProperties) = preSolution
		HideSolutionNode = FALSE
	EndGlobalSection
	GlobalSection(NestedProjects) = preSolution
		{AE8CB3A3-84E6-B257-8A6C-DAECCEB5B25D} = {A8605477-1741-1F32-E969-244BA3FB967B}
	EndGlobalSection
	GlobalSection(ExtensibilityGlobals) = postSolution
		SolutionGuid = {A8970574-221A-41ED-9113-3076B29BBE21}
	EndGlobalSection
EndGlobal
